
Microsoft Visual Studio Solution File, Format Version 12.00
# Visual Studio Version 17
VisualStudioVersion = 17.5.33502.453
MinimumVisualStudioVersion = 10.0.40219.1
Project("{FAE04EC0-301F-11D3-BF4B-00C04F79EFBC}") = "exercise2_collections", "exercise2_collections\exercise2_collections.csproj", "{410771DB-EF36-457F-AA02-7E6E5B9724D0}"
EndProject
Global
	GlobalSection(SolutionConfigurationPlatforms) = preSolution
		Debug|Any CPU = Debug|Any CPU
		Release|Any CPU = Release|Any CPU
	EndGlobalSection
	GlobalSection(ProjectConfigurationPlatforms) = postSolution
		{410771DB-EF36-457F-AA02-7E6E5B9724D0}.Debug|Any CPU.ActiveCfg = Debug|Any CPU
		{410771DB-EF36-457F-AA02-7E6E5B9724D0}.Debug|Any CPU.Build.0 = Debug|Any CPU
		{410771DB-EF36-457F-AA02-7E6E5B9724D0}.Release|Any CPU.ActiveCfg = Release|Any CPU
		{410771DB-EF36-457F-AA02-7E6E5B9724D0}.Release|Any CPU.Build.0 = Release|Any CPU
	EndGlobalSection
	GlobalSection(SolutionProperties) = preSolution
		HideSolutionNode = FALSE
	EndGlobalSection
	GlobalSection(ExtensibilityGlobals) = postSolution
		SolutionGuid = {7F674C70-F6A2-4D0A-AF4F-8A87CDA956B2}
	EndGlobalSection
EndGlobal
